
Microsoft Visual Studio Solution File, Format Version 12.00
# Visual Studio Version 16
VisualStudioVersion = 16.0.30309.148
MinimumVisualStudioVersion = 10.0.40219.1
Project("{9A19103F-16F7-4668-BE54-9A1E7A4F7556}") = "GetSentiment", "GetSentiment.csproj", "{7F44F3EC-73F9-425E-893D-C94FF2E249CC}"
EndProject
Global
	GlobalSection(SolutionConfigurationPlatforms) = preSolution
		Debug|Any CPU = Debug|Any CPU
		Release|Any CPU = Release|Any CPU
	EndGlobalSection
	GlobalSection(ProjectConfigurationPlatforms) = postSolution
		{7F44F3EC-73F9-425E-893D-C94FF2E249CC}.Debug|Any CPU.ActiveCfg = Debug|Any CPU
		{7F44F3EC-73F9-425E-893D-C94FF2E249CC}.Debug|Any CPU.Build.0 = Debug|Any CPU
		{7F44F3EC-73F9-425E-893D-C94FF2E249CC}.Release|Any CPU.ActiveCfg = Release|Any CPU
		{7F44F3EC-73F9-425E-893D-C94FF2E249CC}.Release|Any CPU.Build.0 = Release|Any CPU
	EndGlobalSection
	GlobalSection(SolutionProperties) = preSolution
		HideSolutionNode = FALSE
	EndGlobalSection
	GlobalSection(ExtensibilityGlobals) = postSolution
		SolutionGuid = {B8C24E43-B0BB-4E85-8D6B-8333DA39EE24}
	EndGlobalSection
EndGlobal
